{
  "nodes": {
    "claude-code": {
      "inputs": {
        "nixpkgs": [
          "nixpkgs"
        ],
        "systems": "systems"
      },
      "locked": {
        "lastModified": 1791576109,
        "narHash": "sha256-N996OhXcTOphvYFGkjMTDYj2c4A/o6FzuwLAKdVf8N4=",
        "owner": "sadjow",
        "repo": "claude-code-nix",
        "rev": "cf32dde7150fc94b01e8325e2a345594625f5084",
        "type": "github"
      },
      "original": {
        "owner": "sadjow",
        "repo": "claude-code-nix",
        "type": "github"
      }
    },
    "conda-zsh-completion": {
      "flake": false,
      "locked": {
        "lastModified": 1761167276,
        "narHash": "sha256-gelndN7zwsN8Ks8BWmm5M1icJSZ2B+qNMAADUqezEuY=",
        "owner": "conda-incubator",
        "repo": "conda-zsh-completion",
        "rev": "632655aab6e147b90f75cf3d195ae2b48e7beec9",
        "type": "github"
      },
      "original": {
        "owner": "conda-incubator",
        "repo": "conda-zsh-completion",
        "type": "github"
      }
    },
    "home-manager": {
      "inputs": {
        "nixpkgs": [
          "nixpkgs"
        ]
      },
      "locked": {
        "lastModified": 1791569574,
        "narHash": "sha256-5sViLmjhTCtBTvhjSXXvd5LDrAFMydFFKZQisjE8Vds=",
        "owner": "nix-community",
        "repo": "home-manager",
        "rev": "6b88c12cc6d234de4888f5d21076fb11199d0844",
        "type": "github"
      },
      "original": {
        "owner": "nix-community",
        "repo": "home-manager",
        "type": "github"
      }
    },
    "nixpkgs": {
      "locked": {
        "lastModified": 1791456040,
        "narHash": "sha256-H83yz/do+hjOO0uujHyH8RgtIQP2v7Mw+cLwcZK/xKc=",
        "owner": "NixOS",
        "repo": "nixpkgs",
        "rev": "e7439b6b14ad3cc35d05608ebca9bce01a25f5f8",
        "type": "github"
      },
      "original": {
        "owner": "NixOS",
        "ref": "nixos-unstable",
        "repo": "nixpkgs",
        "type": "github"
      }
    },
    "nixpkgs-codex": {
      "locked": {
        "lastModified": 1791456040,
        "narHash": "sha256-H83yz/do+hjOO0uujHyH8RgtIQP2v7Mw+cLwcZK/xKc=",
        "owner": "NixOS",
        "repo": "nixpkgs",
        "rev": "e7439b6b14ad3cc35d05608ebca9bce01a25f5f8",
        "type": "github"
      },
      "original": {
        "owner": "NixOS",
        "ref": "nixos-unstable",
        "repo": "nixpkgs",
        "type": "github"
      }
    },
    "oh-my-tmux": {
      "flake": false,
      "locked": {
        "lastModified": 1786203437,
        "narHash": "sha256-YDzbZVFhrAMBhOI8HVDxR3rEPkrEwG57IUbnZicmfn4=",
        "owner": "gpakosz",
        "repo": ".tmux",
        "rev": "58a3dcc0d718ec0fa1c0d5a2fddd640a1ad7a5b7",
        "type": "github"
      },
      "original": {
        "owner": "gpakosz",
        "repo": ".tmux",
        "type": "github"
      }
    },
    "root": {
      "inputs": {
        "claude-code": "claude-code",
        "conda-zsh-completion": "conda-zsh-completion",
        "home-manager": "home-manager",
        "nixpkgs": "nixpkgs",
        "nixpkgs-codex": "nixpkgs-codex",
        "oh-my-tmux": "oh-my-tmux"
      }
    },
    "systems": {
      "locked": {
        "lastModified": 1791244623,
        "narHash": "sha256-uuanbkFk8a313Zfrxdcz8Us/yQtaxNnKJtX8v0ZPpd8=",
        "owner": "nix-systems",
        "repo": "default",
        "rev": "d36eeed142f88b5a636f2e3856a53c61654cf29b",
        "type": "github"
      },
      "original": {
        "owner": "nix-systems",
        "repo": "default",
        "type": "github"
      }
    }
  },
  "root": "root",
  "version": 7
}
